{
  "name": "angular-agora-rtc",
  "version": "0.0.7",
  "lockfileVersion": 1,
  "requires": true,
  "dependencies": {
    "agora-rtc-sdk": {
      "version": "2.3.1",
      "resolved": "https://registry.npmjs.org/agora-rtc-sdk/-/agora-rtc-sdk-2.3.1.tgz",
      "integrity": "sha512-QLQKlwtugjR0wY9qE2igM97UI83dpYQENLeqodnCV1Dz9x+AncVdB+WX1m5kO726vHUGsI/wW1i1rtN5vyY9iA=="
    },
    "material-design-icons": {
      "version": "3.0.1",
      "resolved": "https://registry.npmjs.org/material-design-icons/-/material-design-icons-3.0.1.tgz",
      "integrity": "sha1-mnHEh0chjrylHlGmbaaCA4zct78="
    }
  }
}
